// !$*UTF8*$!
{
	archiveVersion = 1;
	classes = {
	};
	objectVersion = 56;
	objects = {

/* Begin PBXBuildFile section */
		214F07F72A1558A80012B5FD /* WeatherAppCodingChallengeApp.swift in Sources */ = {isa = PBXBuildFile; fileRef = 214F07F62A1558A80012B5FD /* WeatherAppCodingChallengeApp.swift */; };
		214F07F92A1558A80012B5FD /* ContentView.swift in Sources */ = {isa = PBXBuildFile; fileRef = 214F07F82A1558A80012B5FD /* ContentView.swift */; };
		214F07FB2A1558A90012B5FD /* Assets.xcassets in Resources */ = {isa = PBXBuildFile; fileRef = 214F07FA2A1558A90012B5FD /* Assets.xcassets */; };
		214F07FE2A1558A90012B5FD /* Preview Assets.xcassets in Resources */ = {isa = PBXBuildFile; fileRef = 214F07FD2A1558A90012B5FD /* Preview Assets.xcassets */; };
		214F08002A1558A90012B5FD /* Persistence.swift in Sources */ = {isa = PBXBuildFile; fileRef = 214F07FF2A1558A90012B5FD /* Persistence.swift */; };
		214F08032A1558A90012B5FD /* WeatherAppCodingChallenge.xcdatamodeld in Sources */ = {isa = PBXBuildFile; fileRef = 214F08012A1558A90012B5FD /* WeatherAppCodingChallenge.xcdatamodeld */; };
		214F080D2A1578030012B5FD /* WeatherModel.swift in Sources */ = {isa = PBXBuildFile; fileRef = 214F080C2A1578020012B5FD /* WeatherModel.swift */; };
		214F080F2A15817C0012B5FD /* WeatherViewModel.swift in Sources */ = {isa = PBXBuildFile; fileRef = 214F080E2A15817C0012B5FD /* WeatherViewModel.swift */; };
		214F08112A1586BA0012B5FD /* MainWeatherView.swift in Sources */ = {isa = PBXBuildFile; fileRef = 214F08102A1586BA0012B5FD /* MainWeatherView.swift */; };
		214F08142A158E250012B5FD /* APIService.swift in Sources */ = {isa = PBXBuildFile; fileRef = 214F08132A158E250012B5FD /* APIService.swift */; };
		214F08162A159B5A0012B5FD /* SearchBar.swift in Sources */ = {isa = PBXBuildFile; fileRef = 214F08152A159B5A0012B5FD /* SearchBar.swift */; };
/* End PBXBuildFile section */

/* Begin PBXFileReference section */
		214F07F32A1558A80012B5FD /* WeatherAppCodingChallenge.app */ = {isa = PBXFileReference; explicitFileType = wrapper.application; includeInIndex = 0; path = WeatherAppCodingChallenge.app; sourceTree = BUILT_PRODUCTS_DIR; };
		214F07F62A1558A80012B5FD /* WeatherAppCodingChallengeApp.swift */ = {isa = PBXFileReference; lastKnownFileType = sourcecode.swift; path = WeatherAppCodingChallengeApp.swift; sourceTree = "<group>"; };
		214F07F82A1558A80012B5FD /* ContentView.swift */ = {isa = PBXFileReference; lastKnownFileType = sourcecode.swift; path = ContentView.swift; sourceTree = "<group>"; };
		214F07FA2A1558A90012B5FD /* Assets.xcassets */ = {isa = PBXFileReference; lastKnownFileType = folder.assetcatalog; path = Assets.xcassets; sourceTree = "<group>"; };
		214F07FD2A1558A90012B5FD /* Preview Assets.xcassets */ = {isa = PBXFileReference; lastKnownFileType = folder.assetcatalog; path = "Preview Assets.xcassets"; sourceTree = "<group>"; };
		214F07FF2A1558A90012B5FD /* Persistence.swift */ = {isa = PBXFileReference; lastKnownFileType = sourcecode.swift; path = Persistence.swift; sourceTree = "<group>"; };
		214F08022A1558A90012B5FD /* WeatherAppCodingChallenge.xcdatamodel */ = {isa = PBXFileReference; lastKnownFileType = wrapper.xcdatamodel; path = WeatherAppCodingChallenge.xcdatamodel; sourceTree = "<group>"; };
		214F080C2A1578020012B5FD /* WeatherModel.swift */ = {isa = PBXFileReference; lastKnownFileType = sourcecode.swift; path = WeatherModel.swift; sourceTree = "<group>"; };
		214F080E2A15817C0012B5FD /* WeatherViewModel.swift */ = {isa = PBXFileReference; lastKnownFileType = sourcecode.swift; path = WeatherViewModel.swift; sourceTree = "<group>"; };
		214F08102A1586BA0012B5FD /* MainWeatherView.swift */ = {isa = PBXFileReference; lastKnownFileType = sourcecode.swift; path = MainWeatherView.swift; sourceTree = "<group>"; };
		214F08132A158E250012B5FD /* APIService.swift */ = {isa = PBXFileReference; lastKnownFileType = sourcecode.swift; path = APIService.swift; sourceTree = "<group>"; };
		214F08152A159B5A0012B5FD /* SearchBar.swift */ = {isa = PBXFileReference; lastKnownFileType = sourcecode.swift; path = SearchBar.swift; sourceTree = "<group>"; };
/* End PBXFileReference section */

/* Begin PBXFrameworksBuildPhase section */
		214F07F02A1558A80012B5FD /* Frameworks */ = {
			isa = PBXFrameworksBuildPhase;
			buildActionMask = 2147483647;
			files = (
			);
			runOnlyForDeploymentPostprocessing = 0;
		};
/* End PBXFrameworksBuildPhase section */

/* Begin PBXGroup section */
		214F07EA2A1558A80012B5FD = {
			isa = PBXGroup;
			children = (
				214F07F52A1558A80012B5FD /* WeatherAppCodingChallenge */,
				214F07F42A1558A80012B5FD /* Products */,
			);
			sourceTree = "<group>";
		};
		214F07F42A1558A80012B5FD /* Products */ = {
			isa = PBXGroup;
			children = (
				214F07F32A1558A80012B5FD /* WeatherAppCodingChallenge.app */,
			);
			name = Products;
			sourceTree = "<group>";
		};
		214F07F52A1558A80012B5FD /* WeatherAppCodingChallenge */ = {
			isa = PBXGroup;
			children = (
				214F08122A158E0C0012B5FD /* Helpers */,
				214F080B2A1572840012B5FD /* View */,
				214F080A2A1572730012B5FD /* ViewModel */,
				214F08092A1572660012B5FD /* Model */,
				214F07F62A1558A80012B5FD /* WeatherAppCodingChallengeApp.swift */,
				214F07F82A1558A80012B5FD /* ContentView.swift */,
				214F07FA2A1558A90012B5FD /* Assets.xcassets */,
				214F07FF2A1558A90012B5FD /* Persistence.swift */,
				214F08012A1558A90012B5FD /* WeatherAppCodingChallenge.xcdatamodeld */,
				214F07FC2A1558A90012B5FD /* Preview Content */,
			);
			path = WeatherAppCodingChallenge;
			sourceTree = "<group>";
		};
		214F07FC2A1558A90012B5FD /* Preview Content */ = {
			isa = PBXGroup;
			children = (
				214F07FD2A1558A90012B5FD /* Preview Assets.xcassets */,
			);
			path = "Preview Content";
			sourceTree = "<group>";
		};
		214F08092A1572660012B5FD /* Model */ = {
			isa = PBXGroup;
			children = (
				214F080C2A1578020012B5FD /* WeatherModel.swift */,
			);
			path = Model;
			sourceTree = "<group>";
		};
		214F080A2A1572730012B5FD /* ViewModel */ = {
			isa = PBXGroup;
			children = (
				214F080E2A15817C0012B5FD /* WeatherViewModel.swift */,
			);
			path = ViewModel;
			sourceTree = "<group>";
		};
		214F080B2A1572840012B5FD /* View */ = {
			isa = PBXGroup;
			children = (
				214F08102A1586BA0012B5FD /* MainWeatherView.swift */,
			);
			path = View;
			sourceTree = "<group>";
		};
		214F08122A158E0C0012B5FD /* Helpers */ = {
			isa = PBXGroup;
			children = (
				214F08152A159B5A0012B5FD /* SearchBar.swift */,
				214F08132A158E250012B5FD /* APIService.swift */,
			);
			path = Helpers;
			sourceTree = "<group>";
		};
/* End PBXGroup section */

/* Begin PBXNativeTarget section */
		214F07F22A1558A80012B5FD /* WeatherAppCodingChallenge */ = {
			isa = PBXNativeTarget;
			buildConfigurationList = 214F08062A1558A90012B5FD /* Build configuration list for PBXNativeTarget "WeatherAppCodingChallenge" */;
			buildPhases = (
				214F07EF2A1558A80012B5FD /* Sources */,
				214F07F02A1558A80012B5FD /* Frameworks */,
				214F07F12A1558A80012B5FD /* Resources */,
			);
			buildRules = (
			);
			dependencies = (
			);
			name = WeatherAppCodingChallenge;
			productName = WeatherAppCodingChallenge;
			productReference = 214F07F32A1558A80012B5FD /* WeatherAppCodingChallenge.app */;
			productType = "com.apple.product-type.application";
		};
/* End PBXNativeTarget section */

/* Begin PBXProject section */
		214F07EB2A1558A80012B5FD /* Project object */ = {
			isa = PBXProject;
			attributes = {
				BuildIndependentTargetsInParallel = 1;
				LastSwiftUpdateCheck = 1430;
				LastUpgradeCheck = 1430;
				TargetAttributes = {
					214F07F22A1558A80012B5FD = {
						CreatedOnToolsVersion = 14.3;
					};
				};
			};
			buildConfigurationList = 214F07EE2A1558A80012B5FD /* Build configuration list for PBXProject "WeatherAppCodingChallenge" */;
			compatibilityVersion = "Xcode 14.0";
			developmentRegion = en;
			hasScannedForEncodings = 0;
			knownRegions = (
				en,
				Base,
			);
			mainGroup = 214F07EA2A1558A80012B5FD;
			productRefGroup = 214F07F42A1558A80012B5FD /* Products */;
			projectDirPath = "";
			projectRoot = "";
			targets = (
				214F07F22A1558A80012B5FD /* WeatherAppCodingChallenge */,
			);
		};
/* End PBXProject section */

/* Begin PBXResourcesBuildPhase section */
		214F07F12A1558A80012B5FD /* Resources */ = {
			isa = PBXResourcesBuildPhase;
			buildActionMask = 2147483647;
			files = (
				214F07FE2A1558A90012B5FD /* Preview Assets.xcassets in Resources */,
				214F07FB2A1558A90012B5FD /* Assets.xcassets in Resources */,
			);
			runOnlyForDeploymentPostprocessing = 0;
		};
/* End PBXResourcesBuildPhase section */

/* Begin PBXSourcesBuildPhase section */
		214F07EF2A1558A80012B5FD /* Sources */ = {
			isa = PBXSourcesBuildPhase;
			buildActionMask = 2147483647;
			files = (
				214F08112A1586BA0012B5FD /* MainWeatherView.swift in Sources */,
				214F08002A1558A90012B5FD /* Persistence.swift in Sources */,
				214F080F2A15817C0012B5FD /* WeatherViewModel.swift in Sources */,
				214F07F92A1558A80012B5FD /* ContentView.swift in Sources */,
				214F08142A158E250012B5FD /* APIService.swift in Sources */,
				214F08162A159B5A0012B5FD /* SearchBar.swift in Sources */,
				214F08032A1558A90012B5FD /* WeatherAppCodingChallenge.xcdatamodeld in Sources */,
				214F080D2A1578030012B5FD /* WeatherModel.swift in Sources */,
				214F07F72A1558A80012B5FD /* WeatherAppCodingChallengeApp.swift in Sources */,
			);
			runOnlyForDeploymentPostprocessing = 0;
		};
/* End PBXSourcesBuildPhase section */

/* Begin XCBuildConfiguration section */
		214F08042A1558A90012B5FD /* Debug */ = {
			isa = XCBuildConfiguration;
			buildSettings = {
				ALWAYS_SEARCH_USER_PATHS = NO;
				CLANG_ANALYZER_NONNULL = YES;
				CLANG_ANALYZER_NUMBER_OBJECT_CONVERSION = YES_AGGRESSIVE;
				CLANG_CXX_LANGUAGE_STANDARD = "gnu++20";
				CLANG_ENABLE_MODULES = YES;
				CLANG_ENABLE_OBJC_ARC = YES;
				CLANG_ENABLE_OBJC_WEAK = YES;
				CLANG_WARN_BLOCK_CAPTURE_AUTORELEASING = YES;
				CLANG_WARN_BOOL_CONVERSION = YES;
				CLANG_WARN_COMMA = YES;
				CLANG_WARN_CONSTANT_CONVERSION = YES;
				CLANG_WARN_DEPRECATED_OBJC_IMPLEMENTATIONS = YES;
				CLANG_WARN_DIRECT_OBJC_ISA_USAGE = YES_ERROR;
				CLANG_WARN_DOCUMENTATION_COMMENTS = YES;
				CLANG_WARN_EMPTY_BODY = YES;
				CLANG_WARN_ENUM_CONVERSION = YES;
				CLANG_WARN_INFINITE_RECURSION = YES;
				CLANG_WARN_INT_CONVERSION = YES;
				CLANG_WARN_NON_LITERAL_NULL_CONVERSION = YES;
				CLANG_WARN_OBJC_IMPLICIT_RETAIN_SELF = YES;
				CLANG_WARN_OBJC_LITERAL_CONVERSION = YES;
				CLANG_WARN_OBJC_ROOT_CLASS = YES_ERROR;
				CLANG_WARN_QUOTED_INCLUDE_IN_FRAMEWORK_HEADER = YES;
				CLANG_WARN_RANGE_LOOP_ANALYSIS = YES;
				CLANG_WARN_STRICT_PROTOTYPES = YES;
				CLANG_WARN_SUSPICIOUS_MOVE = YES;
				CLANG_WARN_UNGUARDED_AVAILABILITY = YES_AGGRESSIVE;
				CLANG_WARN_UNREACHABLE_CODE = YES;
				CLANG_WARN__DUPLICATE_METHOD_MATCH = YES;
				COPY_PHASE_STRIP = NO;
				DEBUG_INFORMATION_FORMAT = dwarf;
				ENABLE_STRICT_OBJC_MSGSEND = YES;
				ENABLE_TESTABILITY = YES;
				GCC_C_LANGUAGE_STANDARD = gnu11;
				GCC_DYNAMIC_NO_PIC = NO;
				GCC_NO_COMMON_BLOCKS = YES;
				GCC_OPTIMIZATION_LEVEL = 0;
				GCC_PREPROCESSOR_DEFINITIONS = (
					"DEBUG=1",
					"$(inherited)",
				);
				GCC_WARN_64_TO_32_BIT_CONVERSION = YES;
				GCC_WARN_ABOUT_RETURN_TYPE = YES_ERROR;
				GCC_WARN_UNDECLARED_SELECTOR = YES;
				GCC_WARN_UNINITIALIZED_AUTOS = YES_AGGRESSIVE;
				GCC_WARN_UNUSED_FUNCTION = YES;
				GCC_WARN_UNUSED_VARIABLE = YES;
				IPHONEOS_DEPLOYMENT_TARGET = 16.4;
				MTL_ENABLE_DEBUG_INFO = INCLUDE_SOURCE;
				MTL_FAST_MATH = YES;
				ONLY_ACTIVE_ARCH = YES;
				SDKROOT = iphoneos;
				SWIFT_ACTIVE_COMPILATION_CONDITIONS = DEBUG;
				SWIFT_OPTIMIZATION_LEVEL = "-Onone";
			};
			name = Debug;
		};
		214F08052A1558A90012B5FD /* Release */ = {
			isa = XCBuildConfiguration;
			buildSettings = {
				ALWAYS_SEARCH_USER_PATHS = NO;
				CLANG_ANALYZER_NONNULL = YES;
				CLANG_ANALYZER_NUMBER_OBJECT_CONVERSION = YES_AGGRESSIVE;
				CLANG_CXX_LANGUAGE_STANDARD = "gnu++20";
				CLANG_ENABLE_MODULES = YES;
				CLANG_ENABLE_OBJC_ARC = YES;
				CLANG_ENABLE_OBJC_WEAK = YES;
				CLANG_WARN_BLOCK_CAPTURE_AUTORELEASING = YES;
				CLANG_WARN_BOOL_CONVERSION = YES;
				CLANG_WARN_COMMA = YES;
				CLANG_WARN_CONSTANT_CONVERSION = YES;
				CLANG_WARN_DEPRECATED_OBJC_IMPLEMENTATIONS = YES;
				CLANG_WARN_DIRECT_OBJC_ISA_USAGE = YES_ERROR;
				CLANG_WARN_DOCUMENTATION_COMMENTS = YES;
				CLANG_WARN_EMPTY_BODY = YES;
				CLANG_WARN_ENUM_CONVERSION = YES;
				CLANG_WARN_INFINITE_RECURSION = YES;
				CLANG_WARN_INT_CONVERSION = YES;
				CLANG_WARN_NON_LITERAL_NULL_CONVERSION = YES;
				CLANG_WARN_OBJC_IMPLICIT_RETAIN_SELF = YES;
				CLANG_WARN_OBJC_LITERAL_CONVERSION = YES;
				CLANG_WARN_OBJC_ROOT_CLASS = YES_ERROR;
				CLANG_WARN_QUOTED_INCLUDE_IN_FRAMEWORK_HEADER = YES;
				CLANG_WARN_RANGE_LOOP_ANALYSIS = YES;
				CLANG_WARN_STRICT_PROTOTYPES = YES;
				CLANG_WARN_SUSPICIOUS_MOVE = YES;
				CLANG_WARN_UNGUARDED_AVAILABILITY = YES_AGGRESSIVE;
				CLANG_WARN_UNREACHABLE_CODE = YES;
				CLANG_WARN__DUPLICATE_METHOD_MATCH = YES;
				COPY_PHASE_STRIP = NO;
				DEBUG_INFORMATION_FORMAT = "dwarf-with-dsym";
				ENABLE_NS_ASSERTIONS = NO;
				ENABLE_STRICT_OBJC_MSGSEND = YES;
				GCC_C_LANGUAGE_STANDARD = gnu11;
				GCC_NO_COMMON_BLOCKS = YES;
				GCC_WARN_64_TO_32_BIT_CONVERSION = YES;
				GCC_WARN_ABOUT_RETURN_TYPE = YES_ERROR;
				GCC_WARN_UNDECLARED_SELECTOR = YES;
				GCC_WARN_UNINITIALIZED_AUTOS = YES_AGGRESSIVE;
				GCC_WARN_UNUSED_FUNCTION = YES;
				GCC_WARN_UNUSED_VARIABLE = YES;
				IPHONEOS_DEPLOYMENT_TARGET = 16.4;
				MTL_ENABLE_DEBUG_INFO = NO;
				MTL_FAST_MATH = YES;
				SDKROOT = iphoneos;
				SWIFT_COMPILATION_MODE = wholemodule;
				SWIFT_OPTIMIZATION_LEVEL = "-O";
				VALIDATE_PRODUCT = YES;
			};
			name = Release;
		};
		214F08072A1558A90012B5FD /* Debug */ = {
			isa = XCBuildConfiguration;
			buildSettings = {
				ASSETCATALOG_COMPILER_APPICON_NAME = AppIcon;
				ASSETCATALOG_COMPILER_GLOBAL_ACCENT_COLOR_NAME = AccentColor;
				CODE_SIGN_STYLE = Automatic;
				CURRENT_PROJECT_VERSION = 1;
				DEVELOPMENT_ASSET_PATHS = "\"WeatherAppCodingChallenge/Preview Content\"";
				ENABLE_PREVIEWS = YES;
				GENERATE_INFOPLIST_FILE = YES;
				INFOPLIST_KEY_NSLocationWhenInUseUsageDescription = "Request use location on initial use";
				INFOPLIST_KEY_UIApplicationSceneManifest_Generation = YES;
				INFOPLIST_KEY_UIApplicationSupportsIndirectInputEvents = YES;
				INFOPLIST_KEY_UILaunchScreen_Generation = YES;
				INFOPLIST_KEY_UISupportedInterfaceOrientations_iPad = "UIInterfaceOrientationPortrait UIInterfaceOrientationPortraitUpsideDown UIInterfaceOrientationLandscapeLeft UIInterfaceOrientationLandscapeRight";
				INFOPLIST_KEY_UISupportedInterfaceOrientations_iPhone = "UIInterfaceOrientationPortrait UIInterfaceOrientationLandscapeLeft UIInterfaceOrientationLandscapeRight";
				LD_RUNPATH_SEARCH_PATHS = (
					"$(inherited)",
					"@executable_path/Frameworks",
				);
				MARKETING_VERSION = 1.0;
				PRODUCT_BUNDLE_IDENTIFIER = com.cts.WeatherAppCodingChallenge;
				PRODUCT_NAME = "$(TARGET_NAME)";
				SWIFT_EMIT_LOC_STRINGS = YES;
				SWIFT_VERSION = 5.0;
				TARGETED_DEVICE_FAMILY = "1,2";
			};
			name = Debug;
		};
		214F08082A1558A90012B5FD /* Release */ = {
			isa = XCBuildConfiguration;
			buildSettings = {
				ASSETCATALOG_COMPILER_APPICON_NAME = AppIcon;
				ASSETCATALOG_COMPILER_GLOBAL_ACCENT_COLOR_NAME = AccentColor;
				CODE_SIGN_STYLE = Automatic;
				CURRENT_PROJECT_VERSION = 1;
				DEVELOPMENT_ASSET_PATHS = "\"WeatherAppCodingChallenge/Preview Content\"";
				ENABLE_PREVIEWS = YES;
				GENERATE_INFOPLIST_FILE = YES;
				INFOPLIST_KEY_NSLocationWhenInUseUsageDescription = "Request use location on initial use";
				INFOPLIST_KEY_UIApplicationSceneManifest_Generation = YES;
				INFOPLIST_KEY_UIApplicationSupportsIndirectInputEvents = YES;
				INFOPLIST_KEY_UILaunchScreen_Generation = YES;
				INFOPLIST_KEY_UISupportedInterfaceOrientations_iPad = "UIInterfaceOrientationPortrait UIInterfaceOrientationPortraitUpsideDown UIInterfaceOrientationLandscapeLeft UIInterfaceOrientationLandscapeRight";
				INFOPLIST_KEY_UISupportedInterfaceOrientations_iPhone = "UIInterfaceOrientationPortrait UIInterfaceOrientationLandscapeLeft UIInterfaceOrientationLandscapeRight";
				LD_RUNPATH_SEARCH_PATHS = (
					"$(inherited)",
					"@executable_path/Frameworks",
				);
				MARKETING_VERSION = 1.0;
				PRODUCT_BUNDLE_IDENTIFIER = com.cts.WeatherAppCodingChallenge;
				PRODUCT_NAME = "$(TARGET_NAME)";
				SWIFT_EMIT_LOC_STRINGS = YES;
				SWIFT_VERSION = 5.0;
				TARGETED_DEVICE_FAMILY = "1,2";
			};
			name = Release;
		};
/* End XCBuildConfiguration section */

/* Begin XCConfigurationList section */
		214F07EE2A1558A80012B5FD /* Build configuration list for PBXProject "WeatherAppCodingChallenge" */ = {
			isa = XCConfigurationList;
			buildConfigurations = (
				214F08042A1558A90012B5FD /* Debug */,
				214F08052A1558A90012B5FD /* Release */,
			);
			defaultConfigurationIsVisible = 0;
			defaultConfigurationName = Release;
		};
		214F08062A1558A90012B5FD /* Build configuration list for PBXNativeTarget "WeatherAppCodingChallenge" */ = {
			isa = XCConfigurationList;
			buildConfigurations = (
				214F08072A1558A90012B5FD /* Debug */,
				214F08082A1558A90012B5FD /* Release */,
			);
			defaultConfigurationIsVisible = 0;
			defaultConfigurationName = Release;
		};
/* End XCConfigurationList section */

/* Begin XCVersionGroup section */
		214F08012A1558A90012B5FD /* WeatherAppCodingChallenge.xcdatamodeld */ = {
			isa = XCVersionGroup;
			children = (
				214F08022A1558A90012B5FD /* WeatherAppCodingChallenge.xcdatamodel */,
			);
			currentVersion = 214F08022A1558A90012B5FD /* WeatherAppCodingChallenge.xcdatamodel */;
			path = WeatherAppCodingChallenge.xcdatamodeld;
			sourceTree = "<group>";
			versionGroupType = wrapper.xcdatamodel;
		};
/* End XCVersionGroup section */
	};
	rootObject = 214F07EB2A1558A80012B5FD /* Project object */;
}
